
Microsoft Visual Studio Solution File, Format Version 12.00
# Visual Studio Version 16
VisualStudioVersion = 16.0.30621.155
MinimumVisualStudioVersion = 10.0.40219.1
Project("{FAE04EC0-301F-11D3-BF4B-00C04F79EFBC}") = "Challenge_One_Console", "Challenge_One_Console\Challenge_One_Console.csproj", "{82361C0B-910A-44AA-A435-1E9F61487AD7}"
EndProject
Global
	GlobalSection(SolutionConfigurationPlatforms) = preSolution
		Debug|Any CPU = Debug|Any CPU
		Release|Any CPU = Release|Any CPU
	EndGlobalSection
	GlobalSection(ProjectConfigurationPlatforms) = postSolution
		{82361C0B-910A-44AA-A435-1E9F61487AD7}.Debug|Any CPU.ActiveCfg = Debug|Any CPU
		{82361C0B-910A-44AA-A435-1E9F61487AD7}.Debug|Any CPU.Build.0 = Debug|Any CPU
		{82361C0B-910A-44AA-A435-1E9F61487AD7}.Release|Any CPU.ActiveCfg = Release|Any CPU
		{82361C0B-910A-44AA-A435-1E9F61487AD7}.Release|Any CPU.Build.0 = Release|Any CPU
	EndGlobalSection
	GlobalSection(SolutionProperties) = preSolution
		HideSolutionNode = FALSE
	EndGlobalSection
	GlobalSection(ExtensibilityGlobals) = postSolution
		SolutionGuid = {35462AB9-B147-4FBC-A855-0997D7487B1E}
	EndGlobalSection
EndGlobal
